{
    "_readme": [
        "This file locks the dependencies of your project to a known state",
        "Read more about it at http://getcomposer.org/doc/01-basic-usage.md#composer-lock-the-lock-file",
        "This file is @generated automatically"
    ],
    "hash": "9023bd7006543d6f08e25cd4e545de8f",
    "packages": [
        {
            "name": "dg/dibi",
            "version": "v2.2.2",
            "source": {
                "type": "git",
                "url": "https://github.com/dg/dibi.git",
                "reference": "a118c2cf96a796d8118b3b0d2811c70aee9fd6c9"
            },
            "dist": {
                "type": "zip",
                "url": "https://api.github.com/repos/dg/dibi/zipball/a118c2cf96a796d8118b3b0d2811c70aee9fd6c9",
                "reference": "a118c2cf96a796d8118b3b0d2811c70aee9fd6c9",
                "shasum": ""
            },
            "require": {
                "php": ">=5.2.0"
            },
            "replace": {
                "dg/dibi": "self.version"
            },
            "require-dev": {
                "nette/tester": "~1.1",
                "tracy/tracy": "~2.2"
            },
            "type": "library",
            "extra": {
                "branch-alias": {
                    "dev-master": "2.2-dev"
                }
            },
            "autoload": {
                "classmap": [
                    "dibi/"
                ]
            },
            "notification-url": "https://packagist.org/downloads/",
            "license": [
                "BSD-3-Clause",
                "GPL-2.0",
                "GPL-3.0"
            ],
            "authors": [
                {
                    "name": "David Grudl",
                    "homepage": "http://davidgrudl.com"
                }
            ],
            "description": "Dibi is Database Abstraction Library for PHP",
            "homepage": "http://dibiphp.com",
            "keywords": [
                "access",
                "database",
                "dbal",
                "mssql",
                "mysql",
                "odbc",
                "oracle",
                "pdo",
                "postgresql",
                "sqlite"
            ],
            "time": "2014-06-30 15:08:04"
        },
        {
            "name": "janmarek/webloader",
            "version": "2.2.0",
            "source": {
                "type": "git",
                "url": "https://github.com/janmarek/WebLoader.git",
                "reference": "5e62831fe7ba5779b97ebd0c23439dbcef80d102"
            },
            "dist": {
                "type": "zip",
                "url": "https://api.github.com/repos/janmarek/WebLoader/zipball/5e62831fe7ba5779b97ebd0c23439dbcef80d102",
                "reference": "5e62831fe7ba5779b97ebd0c23439dbcef80d102",
                "shasum": ""
            },
            "require": {
                "nette/nette": "~2.0@rc"
            },
            "require-dev": {
                "mockery/mockery": "0.7.*",
                "phpunit/phpunit": "3.7.*"
            },
            "suggest": {
                "leafo/lessphp": "Lessphp is a composer for LESS written in PHP."
            },
            "type": "library",
            "autoload": {
                "psr-0": {
                    "WebLoader": ""
                }
            },
            "notification-url": "https://packagist.org/downloads/",
            "license": [
                "MIT"
            ],
            "authors": [
                {
                    "name": "Jan Marek",
                    "email": "mail@janmarek.net",
                    "homepage": "http://www.janmarek.net/",
                    "role": "Author"
                }
            ],
            "description": "Tool for loading or deploying CSS and JS files into web pages",
            "homepage": "http://addons.nette.org/cs/webloader",
            "keywords": [
                "assets",
                "css",
                "javascript",
                "nette",
                "webloader"
            ],
            "time": "2014-01-01 16:54:25"
        },
        {
            "name": "mpdf/mpdf",
            "version": "v5.7.1",
            "source": {
                "type": "git",
                "url": "https://github.com/finwe/mpdf.git",
                "reference": "ca266f29a20ed00ee351aadee1934ddcfbbe4b53"
            },
            "dist": {
                "type": "zip",
                "url": "https://api.github.com/repos/finwe/mpdf/zipball/ca266f29a20ed00ee351aadee1934ddcfbbe4b53",
                "reference": "ca266f29a20ed00ee351aadee1934ddcfbbe4b53",
                "shasum": ""
            },
            "require": {
                "php": ">=4.3.10"
            },
            "type": "library",
            "autoload": {
                "classmap": [
                    "mpdf.php",
                    "classes"
                ]
            },
            "notification-url": "https://packagist.org/downloads/",
            "license": [
                "GPL-1.0+"
            ],
            "authors": [
                {
                    "name": "Ian Back"
                }
            ],
            "description": "A PHP class to generate PDF files from HTML with Unicode/UTF-8 and CJK support",
            "homepage": "http://www.mpdf1.com/mpdf/index.php",
            "keywords": [
                "pdf",
                "php",
                "utf-8"
            ],
            "time": "2013-09-02 12:16:35"
        },
        {
            "name": "nette/nette",
            "version": "v2.1.4",
            "source": {
                "type": "git",
                "url": "https://github.com/nette/nette.git",
                "reference": "a862bf4cb9a53e7c13c0d4f0b2394b9a2097d604"
            },
            "dist": {
                "type": "zip",
                "url": "https://api.github.com/repos/nette/nette/zipball/a862bf4cb9a53e7c13c0d4f0b2394b9a2097d604",
                "reference": "a862bf4cb9a53e7c13c0d4f0b2394b9a2097d604",
                "shasum": ""
            },
            "require": {
                "ext-iconv": "*",
                "ext-tokenizer": "*",
                "php": ">=5.3.1"
            },
            "require-dev": {
                "nette/tester": "~1.1"
            },
            "suggest": {
                "ext-fileinfo": "",
                "ext-gd": "",
                "ext-mbstring": "",
                "ext-pdo": ""
            },
            "type": "library",
            "autoload": {
                "classmap": [
                    "Nette/"
                ],
                "files": [
                    "Nette/common/shortcuts.php"
                ]
            },
            "notification-url": "https://packagist.org/downloads/",
            "license": [
                "BSD-3-Clause",
                "GPL-2.0",
                "GPL-3.0"
            ],
            "authors": [
                {
                    "name": "David Grudl",
                    "homepage": "http://davidgrudl.com"
                },
                {
                    "name": "Nette Community",
                    "homepage": "http://nette.org/contributors"
                }
            ],
            "description": "Nette Framework - innovative framework for fast and easy development of secured web applications in PHP. Write less, have cleaner code and your work will bring you joy.",
            "homepage": "http://nette.org",
            "keywords": [
                "Forms",
                "database",
                "debugging",
                "framework",
                "mailing",
                "mvc",
                "templating"
            ],
            "time": "2014-05-24 20:35:49"
        },
        {
            "name": "phpoffice/phpexcel",
            "version": "1.8.0",
            "source": {
                "type": "git",
                "url": "https://github.com/PHPOffice/PHPExcel.git",
                "reference": "e69a5e4d0ffa7fb6f171859e0a04346e580df30b"
            },
            "dist": {
                "type": "zip",
                "url": "https://api.github.com/repos/PHPOffice/PHPExcel/zipball/e69a5e4d0ffa7fb6f171859e0a04346e580df30b",
                "reference": "e69a5e4d0ffa7fb6f171859e0a04346e580df30b",
                "shasum": ""
            },
            "require": {
                "ext-xml": "*",
                "ext-xmlwriter": "*",
                "php": ">=5.2.0"
            },
            "type": "library",
            "autoload": {
                "psr-0": {
                    "PHPExcel": "Classes/"
                }
            },
            "notification-url": "https://packagist.org/downloads/",
            "license": [
                "LGPL"
            ],
            "authors": [
                {
                    "name": "Maarten Balliauw",
                    "homepage": "http://blog.maartenballiauw.be"
                },
                {
                    "name": "Mark Baker"
                },
                {
                    "name": "Franck Lefevre",
                    "homepage": "http://blog.rootslabs.net"
                },
                {
                    "name": "Erik Tilt"
                }
            ],
            "description": "PHPExcel - OpenXML - Read, Create and Write Spreadsheet documents in PHP - Spreadsheet engine",
            "homepage": "http://phpexcel.codeplex.com",
            "keywords": [
                "OpenXML",
                "excel",
                "php",
                "spreadsheet",
                "xls",
                "xlsx"
            ],
            "time": "2014-03-02 15:22:49"
        },
        {
            "name": "skautis/skautis",
            "version": "dev-master",
            "source": {
                "type": "git",
                "url": "https://github.com/sinacek/SkautIS.git",
                "reference": "4a6be2f1264f485f07366f3d446fe771d73beedc"
            },
            "dist": {
                "type": "zip",
                "url": "https://api.github.com/repos/sinacek/SkautIS/zipball/4a6be2f1264f485f07366f3d446fe771d73beedc",
                "reference": "4a6be2f1264f485f07366f3d446fe771d73beedc",
                "shasum": ""
            },
            "require": {
                "php": ">=5.3.0"
            },
            "require-dev": {
                "mockery/mockery": "0.8.*",
                "phpunit/phpunit": "3.7.*"
            },
            "type": "library",
            "autoload": {
                "psr-0": {
                    "SkautIS": "src/"
                }
            },
            "notification-url": "https://packagist.org/downloads/",
            "authors": [
                {
                    "name": "František Hána",
                    "homepage": "http://sinacek.cz"
                }
            ],
            "description": "Library for API calls to SkautIS",
            "homepage": "https://github.com/sinacek/SkautIS",
            "keywords": [
                "api",
                "skautis"
            ],
            "time": "2014-07-23 12:16:38"
        },
        {
            "name": "srigi/nette-visualpaginator",
            "version": "dev-master",
            "source": {
                "type": "git",
                "url": "https://github.com/srigi/nette-visualpaginator.git",
                "reference": "2098503c9dc82d0c2787ea66e749672c5f06f9d1"
            },
            "dist": {
                "type": "zip",
                "url": "https://api.github.com/repos/srigi/nette-visualpaginator/zipball/2098503c9dc82d0c2787ea66e749672c5f06f9d1",
                "reference": "2098503c9dc82d0c2787ea66e749672c5f06f9d1",
                "shasum": ""
            },
            "require": {
                "nette/nette": "~2.0",
                "php": ">=5.3.0"
            },
            "type": "library",
            "autoload": {
                "psr-0": {
                    "VisualPaginator": "src/"
                }
            },
            "notification-url": "https://packagist.org/downloads/",
            "license": [
                "BSD-3-Clause"
            ],
            "authors": [
                {
                    "name": "David Grudl",
                    "email": "david@grudl.com",
                    "homepage": "http://davidgrudl.com",
                    "role": "Developer"
                },
                {
                    "name": "Igor Hlina",
                    "email": "srigi@srigi.sk"
                }
            ],
            "description": "Addon to display paginator in Nette webapplications",
            "time": "2013-02-21 16:57:03"
        }
    ],
    "packages-dev": [
        {
            "name": "janmarek/mockista",
            "version": "dev-master",
            "source": {
                "type": "git",
                "url": "https://github.com/janmarek/mockista.git",
                "reference": "31a3aae17a730a33cb4715cfd230b4f4b0ca41d9"
            },
            "dist": {
                "type": "zip",
                "url": "https://api.github.com/repos/janmarek/mockista/zipball/31a3aae17a730a33cb4715cfd230b4f4b0ca41d9",
                "reference": "31a3aae17a730a33cb4715cfd230b4f4b0ca41d9",
                "shasum": ""
            },
            "require-dev": {
                "phpunit/phpunit": "3.7.*"
            },
            "type": "library",
            "autoload": {
                "psr-0": {
                    "Mockista": ""
                },
                "files": [
                    "Mockista/functions.php"
                ]
            },
            "notification-url": "https://packagist.org/downloads/",
            "license": [
                "BSD-3-Clause"
            ],
            "authors": [
                {
                    "name": "Jan Marek",
                    "email": "mail@janmarek.net",
                    "homepage": "http://www.janmarek.net/",
                    "role": "Author"
                },
                {
                    "name": "Jiří Knesl",
                    "homepage": "http://www.knesl.com/"
                }
            ],
            "description": "Mockista is library for mocking, which I've written, because I find mocking in PHPUnit awful.",
            "homepage": "http://www.mockista.com/",
            "keywords": [
                "BDD",
                "TDD",
                "mock",
                "mocking",
                "mockista",
                "phpunit",
                "testing",
                "tests"
            ],
            "time": "2014-05-11 22:36:09"
        },
        {
            "name": "nette/tester",
            "version": "dev-master",
            "source": {
                "type": "git",
                "url": "https://github.com/nette/tester.git",
                "reference": "06edacb4b907e8024dafafc5d74343b69de95749"
            },
            "dist": {
                "type": "zip",
                "url": "https://api.github.com/repos/nette/tester/zipball/7bd8b13f01d1fd8d3510baf6bbbbc2a5ee507b26",
                "reference": "06edacb4b907e8024dafafc5d74343b69de95749",
                "shasum": ""
            },
            "require": {
                "ext-iconv": "*",
                "php": ">=5.3.0"
            },
            "bin": [
                "Tester/tester"
            ],
            "type": "library",
            "extra": {
                "branch-alias": {
                    "dev-master": "1.2-dev"
                }
            },
            "autoload": {
                "classmap": [
                    "Tester/"
                ]
            },
            "notification-url": "https://packagist.org/downloads/",
            "license": [
                "BSD-3-Clause",
                "GPL-2.0",
                "GPL-3.0"
            ],
            "authors": [
                {
                    "name": "David Grudl",
                    "homepage": "http://davidgrudl.com"
                },
                {
                    "name": "Nette Community",
                    "homepage": "http://nette.org/contributors"
                }
            ],
            "description": "An easy-to-use PHP unit testing framework.",
            "homepage": "http://nette.org",
            "keywords": [
                "nette",
                "testing",
                "unit"
            ],
            "time": "2014-08-14 10:32:58"
        }
    ],
    "aliases": [

    ],
    "minimum-stability": "stable",
    "stability-flags": {
        "skautis/skautis": 20,
        "srigi/nette-visualpaginator": 20,
        "nette/tester": 20,
        "janmarek/mockista": 20
    },
    "prefer-stable": false,
    "platform": {
        "php": ">= 5.3.0"
    },
    "platform-dev": [

    ]
}
